
Microsoft Visual Studio Solution File, Format Version 12.00
# Visual Studio Version 16
VisualStudioVersion = 16.0.30406.217
MinimumVisualStudioVersion = 10.0.40219.1
Project("{FAE04EC0-301F-11D3-BF4B-00C04F79EFBC}") = "SSM", "SSM\SSM.csproj", "{2AE5F067-B4E5-4B70-A0CE-B7486AA332F3}"
EndProject
Project("{FAE04EC0-301F-11D3-BF4B-00C04F79EFBC}") = "ExampleCode", "ExampleCode\ExampleCode.csproj", "{9A8D107F-7C3C-49BC-AE15-7CC48FC6E48F}"
EndProject
Project("{FAE04EC0-301F-11D3-BF4B-00C04F79EFBC}") = "SSMTool", "SSMTool\SSMTool.csproj", "{D32DC848-BA71-42BE-9681-5802D6BF6AF8}"
EndProject
Global
	GlobalSection(SolutionConfigurationPlatforms) = preSolution
		Debug|Any CPU = Debug|Any CPU
		Release|Any CPU = Release|Any CPU
	EndGlobalSection
	GlobalSection(ProjectConfigurationPlatforms) = postSolution
		{2AE5F067-B4E5-4B70-A0CE-B7486AA332F3}.Debug|Any CPU.ActiveCfg = Debug|Any CPU
		{2AE5F067-B4E5-4B70-A0CE-B7486AA332F3}.Debug|Any CPU.Build.0 = Debug|Any CPU
		{2AE5F067-B4E5-4B70-A0CE-B7486AA332F3}.Release|Any CPU.ActiveCfg = Release|Any CPU
		{2AE5F067-B4E5-4B70-A0CE-B7486AA332F3}.Release|Any CPU.Build.0 = Release|Any CPU
		{9A8D107F-7C3C-49BC-AE15-7CC48FC6E48F}.Debug|Any CPU.ActiveCfg = Debug|Any CPU
		{9A8D107F-7C3C-49BC-AE15-7CC48FC6E48F}.Debug|Any CPU.Build.0 = Debug|Any CPU
		{9A8D107F-7C3C-49BC-AE15-7CC48FC6E48F}.Release|Any CPU.ActiveCfg = Release|Any CPU
		{9A8D107F-7C3C-49BC-AE15-7CC48FC6E48F}.Release|Any CPU.Build.0 = Release|Any CPU
		{D32DC848-BA71-42BE-9681-5802D6BF6AF8}.Debug|Any CPU.ActiveCfg = Debug|Any CPU
		{D32DC848-BA71-42BE-9681-5802D6BF6AF8}.Debug|Any CPU.Build.0 = Debug|Any CPU
		{D32DC848-BA71-42BE-9681-5802D6BF6AF8}.Release|Any CPU.ActiveCfg = Release|Any CPU
		{D32DC848-BA71-42BE-9681-5802D6BF6AF8}.Release|Any CPU.Build.0 = Release|Any CPU
	EndGlobalSection
	GlobalSection(SolutionProperties) = preSolution
		HideSolutionNode = FALSE
	EndGlobalSection
	GlobalSection(ExtensibilityGlobals) = postSolution
		SolutionGuid = {00019EF7-39B3-4E5D-BBC9-A8C86975CF47}
	EndGlobalSection
EndGlobal
